
Microsoft Visual Studio Solution File, Format Version 12.00
# Visual Studio 15
VisualStudioVersion = 15.0.28307.136
MinimumVisualStudioVersion = 10.0.40219.1
Project("{FAE04EC0-301F-11D3-BF4B-00C04F79EFBC}") = "MultilanguageChat.Android", "MultilanguageChat\MultilanguageChat.Android\MultilanguageChat.Android.csproj", "{BE60EC60-7FF6-471F-8057-C635CD2448CE}"
EndProject
Project("{FAE04EC0-301F-11D3-BF4B-00C04F79EFBC}") = "MultilanguageChat.iOS", "MultilanguageChat\MultilanguageChat.iOS\MultilanguageChat.iOS.csproj", "{A118DD8A-8620-4C59-9D06-3D1856C74E65}"
EndProject
Project("{FAE04EC0-301F-11D3-BF4B-00C04F79EFBC}") = "MultilanguageChat.UWP", "MultilanguageChat\MultilanguageChat.UWP\MultilanguageChat.UWP.csproj", "{1A8697D9-A6F5-4E42-BE6F-2D621394310E}"
EndProject
Project("{FAE04EC0-301F-11D3-BF4B-00C04F79EFBC}") = "MultilanguageChat", "MultilanguageChat\MultilanguageChat\MultilanguageChat.csproj", "{8D30A06E-3A79-4FC7-985C-5E7226984095}"
EndProject
Global
	GlobalSection(SolutionConfigurationPlatforms) = preSolution
		Ad-Hoc|Any CPU = Ad-Hoc|Any CPU
		Ad-Hoc|ARM = Ad-Hoc|ARM
		Ad-Hoc|iPhone = Ad-Hoc|iPhone
		Ad-Hoc|iPhoneSimulator = Ad-Hoc|iPhoneSimulator
		Ad-Hoc|x64 = Ad-Hoc|x64
		Ad-Hoc|x86 = Ad-Hoc|x86
		AppStore|Any CPU = AppStore|Any CPU
		AppStore|ARM = AppStore|ARM
		AppStore|iPhone = AppStore|iPhone
		AppStore|iPhoneSimulator = AppStore|iPhoneSimulator
		AppStore|x64 = AppStore|x64
		AppStore|x86 = AppStore|x86
		Debug|Any CPU = Debug|Any CPU
		Debug|ARM = Debug|ARM
		Debug|iPhone = Debug|iPhone
		Debug|iPhoneSimulator = Debug|iPhoneSimulator
		Debug|x64 = Debug|x64
		Debug|x86 = Debug|x86
		Release|Any CPU = Release|Any CPU
		Release|ARM = Release|ARM
		Release|iPhone = Release|iPhone
		Release|iPhoneSimulator = Release|iPhoneSimulator
		Release|x64 = Release|x64
		Release|x86 = Release|x86
	EndGlobalSection
	GlobalSection(ProjectConfigurationPlatforms) = postSolution
		{BE60EC60-7FF6-471F-8057-C635CD2448CE}.Ad-Hoc|Any CPU.ActiveCfg = Release|Any CPU
		{BE60EC60-7FF6-471F-8057-C635CD2448CE}.Ad-Hoc|Any CPU.Build.0 = Release|Any CPU
		{BE60EC60-7FF6-471F-8057-C635CD2448CE}.Ad-Hoc|Any CPU.Deploy.0 = Release|Any CPU
		{BE60EC60-7FF6-471F-8057-C635CD2448CE}.Ad-Hoc|ARM.ActiveCfg = Release|Any CPU
		{BE60EC60-7FF6-471F-8057-C635CD2448CE}.Ad-Hoc|ARM.Build.0 = Release|Any CPU
		{BE60EC60-7FF6-471F-8057-C635CD2448CE}.Ad-Hoc|ARM.Deploy.0 = Release|Any CPU
		{BE60EC60-7FF6-471F-8057-C635CD2448CE}.Ad-Hoc|iPhone.ActiveCfg = Release|Any CPU
		{BE60EC60-7FF6-471F-8057-C635CD2448CE}.Ad-Hoc|iPhone.Build.0 = Release|Any CPU
		{BE60EC60-7FF6-471F-8057-C635CD2448CE}.Ad-Hoc|iPhone.Deploy.0 = Release|Any CPU
		{BE60EC60-7FF6-471F-8057-C635CD2448CE}.Ad-Hoc|iPhoneSimulator.ActiveCfg = Release|Any CPU
		{BE60EC60-7FF6-471F-8057-C635CD2448CE}.Ad-Hoc|iPhoneSimulator.Build.0 = Release|Any CPU
		{BE60EC60-7FF6-471F-8057-C635CD2448CE}.Ad-Hoc|iPhoneSimulator.Deploy.0 = Release|Any CPU
		{BE60EC60-7FF6-471F-8057-C635CD2448CE}.Ad-Hoc|x64.ActiveCfg = Release|Any CPU
		{BE60EC60-7FF6-471F-8057-C635CD2448CE}.Ad-Hoc|x64.Build.0 = Release|Any CPU
		{BE60EC60-7FF6-471F-8057-C635CD2448CE}.Ad-Hoc|x64.Deploy.0 = Release|Any CPU
		{BE60EC60-7FF6-471F-8057-C635CD2448CE}.Ad-Hoc|x86.ActiveCfg = Release|Any CPU
		{BE60EC60-7FF6-471F-8057-C635CD2448CE}.Ad-Hoc|x86.Build.0 = Release|Any CPU
		{BE60EC60-7FF6-471F-8057-C635CD2448CE}.Ad-Hoc|x86.Deploy.0 = Release|Any CPU
		{BE60EC60-7FF6-471F-8057-C635CD2448CE}.AppStore|Any CPU.ActiveCfg = Release|Any CPU
		{BE60EC60-7FF6-471F-8057-C635CD2448CE}.AppStore|Any CPU.Build.0 = Release|Any CPU
		{BE60EC60-7FF6-471F-8057-C635CD2448CE}.AppStore|Any CPU.Deploy.0 = Release|Any CPU
		{BE60EC60-7FF6-471F-8057-C635CD2448CE}.AppStore|ARM.ActiveCfg = Release|Any CPU
		{BE60EC60-7FF6-471F-8057-C635CD2448CE}.AppStore|ARM.Build.0 = Release|Any CPU
		{BE60EC60-7FF6-471F-8057-C635CD2448CE}.AppStore|ARM.Deploy.0 = Release|Any CPU
		{BE60EC60-7FF6-471F-8057-C635CD2448CE}.AppStore|iPhone.ActiveCfg = Release|Any CPU
		{BE60EC60-7FF6-471F-8057-C635CD2448CE}.AppStore|iPhone.Build.0 = Release|Any CPU
		{BE60EC60-7FF6-471F-8057-C635CD2448CE}.AppStore|iPhone.Deploy.0 = Release|Any CPU
		{BE60EC60-7FF6-471F-8057-C635CD2448CE}.AppStore|iPhoneSimulator.ActiveCfg = Release|Any CPU
		{BE60EC60-7FF6-471F-8057-C635CD2448CE}.AppStore|iPhoneSimulator.Build.0 = Release|Any CPU
		{BE60EC60-7FF6-471F-8057-C635CD2448CE}.AppStore|iPhoneSimulator.Deploy.0 = Release|Any CPU
		{BE60EC60-7FF6-471F-8057-C635CD2448CE}.AppStore|x64.ActiveCfg = Release|Any CPU
		{BE60EC60-7FF6-471F-8057-C635CD2448CE}.AppStore|x64.Build.0 = Release|Any CPU
		{BE60EC60-7FF6-471F-8057-C635CD2448CE}.AppStore|x64.Deploy.0 = Release|Any CPU
		{BE60EC60-7FF6-471F-8057-C635CD2448CE}.AppStore|x86.ActiveCfg = Release|Any CPU
		{BE60EC60-7FF6-471F-8057-C635CD2448CE}.AppStore|x86.Build.0 = Release|Any CPU
		{BE60EC60-7FF6-471F-8057-C635CD2448CE}.AppStore|x86.Deploy.0 = Release|Any CPU
		{BE60EC60-7FF6-471F-8057-C635CD2448CE}.Debug|Any CPU.ActiveCfg = Debug|Any CPU
		{BE60EC60-7FF6-471F-8057-C635CD2448CE}.Debug|Any CPU.Build.0 = Debug|Any CPU
		{BE60EC60-7FF6-471F-8057-C635CD2448CE}.Debug|Any CPU.Deploy.0 = Debug|Any CPU
		{BE60EC60-7FF6-471F-8057-C635CD2448CE}.Debug|ARM.ActiveCfg = Debug|Any CPU
		{BE60EC60-7FF6-471F-8057-C635CD2448CE}.Debug|ARM.Build.0 = Debug|Any CPU
		{BE60EC60-7FF6-471F-8057-C635CD2448CE}.Debug|ARM.Deploy.0 = Debug|Any CPU
		{BE60EC60-7FF6-471F-8057-C635CD2448CE}.Debug|iPhone.ActiveCfg = Debug|Any CPU
		{BE60EC60-7FF6-471F-8057-C635CD2448CE}.Debug|iPhone.Build.0 = Debug|Any CPU
		{BE60EC60-7FF6-471F-8057-C635CD2448CE}.Debug|iPhone.Deploy.0 = Debug|Any CPU
		{BE60EC60-7FF6-471F-8057-C635CD2448CE}.Debug|iPhoneSimulator.ActiveCfg = Debug|Any CPU
		{BE60EC60-7FF6-471F-8057-C635CD2448CE}.Debug|iPhoneSimulator.Build.0 = Debug|Any CPU
		{BE60EC60-7FF6-471F-8057-C635CD2448CE}.Debug|iPhoneSimulator.Deploy.0 = Debug|Any CPU
		{BE60EC60-7FF6-471F-8057-C635CD2448CE}.Debug|x64.ActiveCfg = Debug|Any CPU
		{BE60EC60-7FF6-471F-8057-C635CD2448CE}.Debug|x64.Build.0 = Debug|Any CPU
		{BE60EC60-7FF6-471F-8057-C635CD2448CE}.Debug|x64.Deploy.0 = Debug|Any CPU
		{BE60EC60-7FF6-471F-8057-C635CD2448CE}.Debug|x86.ActiveCfg = Debug|Any CPU
		{BE60EC60-7FF6-471F-8057-C635CD2448CE}.Debug|x86.Build.0 = Debug|Any CPU
		{BE60EC60-7FF6-471F-8057-C635CD2448CE}.Debug|x86.Deploy.0 = Debug|Any CPU
		{BE60EC60-7FF6-471F-8057-C635CD2448CE}.Release|Any CPU.ActiveCfg = Release|Any CPU
		{BE60EC60-7FF6-471F-8057-C635CD2448CE}.Release|Any CPU.Build.0 = Release|Any CPU
		{BE60EC60-7FF6-471F-8057-C635CD2448CE}.Release|Any CPU.Deploy.0 = Release|Any CPU
		{BE60EC60-7FF6-471F-8057-C635CD2448CE}.Release|ARM.ActiveCfg = Release|Any CPU
		{BE60EC60-7FF6-471F-8057-C635CD2448CE}.Release|ARM.Build.0 = Release|Any CPU
		{BE60EC60-7FF6-471F-8057-C635CD2448CE}.Release|ARM.Deploy.0 = Release|Any CPU
		{BE60EC60-7FF6-471F-8057-C635CD2448CE}.Release|iPhone.ActiveCfg = Release|Any CPU
		{BE60EC60-7FF6-471F-8057-C635CD2448CE}.Release|iPhone.Build.0 = Release|Any CPU
		{BE60EC60-7FF6-471F-8057-C635CD2448CE}.Release|iPhone.Deploy.0 = Release|Any CPU
		{BE60EC60-7FF6-471F-8057-C635CD2448CE}.Release|iPhoneSimulator.ActiveCfg = Release|Any CPU
		{BE60EC60-7FF6-471F-8057-C635CD2448CE}.Release|iPhoneSimulator.Build.0 = Release|Any CPU
		{BE60EC60-7FF6-471F-8057-C635CD2448CE}.Release|iPhoneSimulator.Deploy.0 = Release|Any CPU
		{BE60EC60-7FF6-471F-8057-C635CD2448CE}.Release|x64.ActiveCfg = Release|Any CPU
		{BE60EC60-7FF6-471F-8057-C635CD2448CE}.Release|x64.Build.0 = Release|Any CPU
		{BE60EC60-7FF6-471F-8057-C635CD2448CE}.Release|x64.Deploy.0 = Release|Any CPU
		{BE60EC60-7FF6-471F-8057-C635CD2448CE}.Release|x86.ActiveCfg = Release|Any CPU
		{BE60EC60-7FF6-471F-8057-C635CD2448CE}.Release|x86.Build.0 = Release|Any CPU
		{BE60EC60-7FF6-471F-8057-C635CD2448CE}.Release|x86.Deploy.0 = Release|Any CPU
		{A118DD8A-8620-4C59-9D06-3D1856C74E65}.Ad-Hoc|Any CPU.ActiveCfg = Ad-Hoc|iPhone
		{A118DD8A-8620-4C59-9D06-3D1856C74E65}.Ad-Hoc|Any CPU.Build.0 = Ad-Hoc|iPhone
		{A118DD8A-8620-4C59-9D06-3D1856C74E65}.Ad-Hoc|Any CPU.Deploy.0 = Ad-Hoc|iPhone
		{A118DD8A-8620-4C59-9D06-3D1856C74E65}.Ad-Hoc|ARM.ActiveCfg = Ad-Hoc|iPhone
		{A118DD8A-8620-4C59-9D06-3D1856C74E65}.Ad-Hoc|ARM.Build.0 = Ad-Hoc|iPhone
		{A118DD8A-8620-4C59-9D06-3D1856C74E65}.Ad-Hoc|ARM.Deploy.0 = Ad-Hoc|iPhone
		{A118DD8A-8620-4C59-9D06-3D1856C74E65}.Ad-Hoc|iPhone.ActiveCfg = Ad-Hoc|iPhone
		{A118DD8A-8620-4C59-9D06-3D1856C74E65}.Ad-Hoc|iPhone.Build.0 = Ad-Hoc|iPhone
		{A118DD8A-8620-4C59-9D06-3D1856C74E65}.Ad-Hoc|iPhone.Deploy.0 = Ad-Hoc|iPhone
		{A118DD8A-8620-4C59-9D06-3D1856C74E65}.Ad-Hoc|iPhoneSimulator.ActiveCfg = Ad-Hoc|iPhoneSimulator
		{A118DD8A-8620-4C59-9D06-3D1856C74E65}.Ad-Hoc|iPhoneSimulator.Build.0 = Ad-Hoc|iPhoneSimulator
		{A118DD8A-8620-4C59-9D06-3D1856C74E65}.Ad-Hoc|iPhoneSimulator.Deploy.0 = Ad-Hoc|iPhoneSimulator
		{A118DD8A-8620-4C59-9D06-3D1856C74E65}.Ad-Hoc|x64.ActiveCfg = Ad-Hoc|iPhone
		{A118DD8A-8620-4C59-9D06-3D1856C74E65}.Ad-Hoc|x64.Build.0 = Ad-Hoc|iPhone
		{A118DD8A-8620-4C59-9D06-3D1856C74E65}.Ad-Hoc|x64.Deploy.0 = Ad-Hoc|iPhone
		{A118DD8A-8620-4C59-9D06-3D1856C74E65}.Ad-Hoc|x86.ActiveCfg = Ad-Hoc|iPhone
		{A118DD8A-8620-4C59-9D06-3D1856C74E65}.Ad-Hoc|x86.Build.0 = Ad-Hoc|iPhone
		{A118DD8A-8620-4C59-9D06-3D1856C74E65}.Ad-Hoc|x86.Deploy.0 = Ad-Hoc|iPhone
		{A118DD8A-8620-4C59-9D06-3D1856C74E65}.AppStore|Any CPU.ActiveCfg = AppStore|iPhone
		{A118DD8A-8620-4C59-9D06-3D1856C74E65}.AppStore|Any CPU.Build.0 = AppStore|iPhone
		{A118DD8A-8620-4C59-9D06-3D1856C74E65}.AppStore|Any CPU.Deploy.0 = AppStore|iPhone
		{A118DD8A-8620-4C59-9D06-3D1856C74E65}.AppStore|ARM.ActiveCfg = AppStore|iPhone
		{A118DD8A-8620-4C59-9D06-3D1856C74E65}.AppStore|ARM.Build.0 = AppStore|iPhone
		{A118DD8A-8620-4C59-9D06-3D1856C74E65}.AppStore|ARM.Deploy.0 = AppStore|iPhone
		{A118DD8A-8620-4C59-9D06-3D1856C74E65}.AppStore|iPhone.ActiveCfg = AppStore|iPhone
		{A118DD8A-8620-4C59-9D06-3D1856C74E65}.AppStore|iPhone.Build.0 = AppStore|iPhone
		{A118DD8A-8620-4C59-9D06-3D1856C74E65}.AppStore|iPhone.Deploy.0 = AppStore|iPhone
		{A118DD8A-8620-4C59-9D06-3D1856C74E65}.AppStore|iPhoneSimulator.ActiveCfg = AppStore|iPhoneSimulator
		{A118DD8A-8620-4C59-9D06-3D1856C74E65}.AppStore|iPhoneSimulator.Build.0 = AppStore|iPhoneSimulator
		{A118DD8A-8620-4C59-9D06-3D1856C74E65}.AppStore|iPhoneSimulator.Deploy.0 = AppStore|iPhoneSimulator
		{A118DD8A-8620-4C59-9D06-3D1856C74E65}.AppStore|x64.ActiveCfg = AppStore|iPhone
		{A118DD8A-8620-4C59-9D06-3D1856C74E65}.AppStore|x64.Build.0 = AppStore|iPhone
		{A118DD8A-8620-4C59-9D06-3D1856C74E65}.AppStore|x64.Deploy.0 = AppStore|iPhone
		{A118DD8A-8620-4C59-9D06-3D1856C74E65}.AppStore|x86.ActiveCfg = AppStore|iPhone
		{A118DD8A-8620-4C59-9D06-3D1856C74E65}.AppStore|x86.Build.0 = AppStore|iPhone
		{A118DD8A-8620-4C59-9D06-3D1856C74E65}.AppStore|x86.Deploy.0 = AppStore|iPhone
		{A118DD8A-8620-4C59-9D06-3D1856C74E65}.Debug|Any CPU.ActiveCfg = Debug|iPhoneSimulator
		{A118DD8A-8620-4C59-9D06-3D1856C74E65}.Debug|Any CPU.Build.0 = Debug|iPhoneSimulator
		{A118DD8A-8620-4C59-9D06-3D1856C74E65}.Debug|Any CPU.Deploy.0 = Debug|iPhoneSimulator
		{A118DD8A-8620-4C59-9D06-3D1856C74E65}.Debug|ARM.ActiveCfg = Debug|iPhone
		{A118DD8A-8620-4C59-9D06-3D1856C74E65}.Debug|ARM.Build.0 = Debug|iPhone
		{A118DD8A-8620-4C59-9D06-3D1856C74E65}.Debug|ARM.Deploy.0 = Debug|iPhone
		{A118DD8A-8620-4C59-9D06-3D1856C74E65}.Debug|iPhone.ActiveCfg = Debug|iPhone
		{A118DD8A-8620-4C59-9D06-3D1856C74E65}.Debug|iPhone.Build.0 = Debug|iPhone
		{A118DD8A-8620-4C59-9D06-3D1856C74E65}.Debug|iPhone.Deploy.0 = Debug|iPhone
		{A118DD8A-8620-4C59-9D06-3D1856C74E65}.Debug|iPhoneSimulator.ActiveCfg = Debug|iPhoneSimulator
		{A118DD8A-8620-4C59-9D06-3D1856C74E65}.Debug|iPhoneSimulator.Build.0 = Debug|iPhoneSimulator
		{A118DD8A-8620-4C59-9D06-3D1856C74E65}.Debug|iPhoneSimulator.Deploy.0 = Debug|iPhoneSimulator
		{A118DD8A-8620-4C59-9D06-3D1856C74E65}.Debug|x64.ActiveCfg = Debug|iPhone
		{A118DD8A-8620-4C59-9D06-3D1856C74E65}.Debug|x64.Build.0 = Debug|iPhone
		{A118DD8A-8620-4C59-9D06-3D1856C74E65}.Debug|x64.Deploy.0 = Debug|iPhone
		{A118DD8A-8620-4C59-9D06-3D1856C74E65}.Debug|x86.ActiveCfg = Debug|iPhone
		{A118DD8A-8620-4C59-9D06-3D1856C74E65}.Debug|x86.Build.0 = Debug|iPhone
		{A118DD8A-8620-4C59-9D06-3D1856C74E65}.Debug|x86.Deploy.0 = Debug|iPhone
		{A118DD8A-8620-4C59-9D06-3D1856C74E65}.Release|Any CPU.ActiveCfg = Release|iPhone
		{A118DD8A-8620-4C59-9D06-3D1856C74E65}.Release|Any CPU.Build.0 = Release|iPhone
		{A118DD8A-8620-4C59-9D06-3D1856C74E65}.Release|Any CPU.Deploy.0 = Release|iPhone
		{A118DD8A-8620-4C59-9D06-3D1856C74E65}.Release|ARM.ActiveCfg = Release|iPhone
		{A118DD8A-8620-4C59-9D06-3D1856C74E65}.Release|ARM.Build.0 = Release|iPhone
		{A118DD8A-8620-4C59-9D06-3D1856C74E65}.Release|ARM.Deploy.0 = Release|iPhone
		{A118DD8A-8620-4C59-9D06-3D1856C74E65}.Release|iPhone.ActiveCfg = Release|iPhone
		{A118DD8A-8620-4C59-9D06-3D1856C74E65}.Release|iPhone.Build.0 = Release|iPhone
		{A118DD8A-8620-4C59-9D06-3D1856C74E65}.Release|iPhone.Deploy.0 = Release|iPhone
		{A118DD8A-8620-4C59-9D06-3D1856C74E65}.Release|iPhoneSimulator.ActiveCfg = Release|iPhoneSimulator
		{A118DD8A-8620-4C59-9D06-3D1856C74E65}.Release|iPhoneSimulator.Build.0 = Release|iPhoneSimulator
		{A118DD8A-8620-4C59-9D06-3D1856C74E65}.Release|iPhoneSimulator.Deploy.0 = Release|iPhoneSimulator
		{A118DD8A-8620-4C59-9D06-3D1856C74E65}.Release|x64.ActiveCfg = Release|iPhone
		{A118DD8A-8620-4C59-9D06-3D1856C74E65}.Release|x64.Build.0 = Release|iPhone
		{A118DD8A-8620-4C59-9D06-3D1856C74E65}.Release|x64.Deploy.0 = Release|iPhone
		{A118DD8A-8620-4C59-9D06-3D1856C74E65}.Release|x86.ActiveCfg = Release|iPhone
		{A118DD8A-8620-4C59-9D06-3D1856C74E65}.Release|x86.Build.0 = Release|iPhone
		{A118DD8A-8620-4C59-9D06-3D1856C74E65}.Release|x86.Deploy.0 = Release|iPhone
		{1A8697D9-A6F5-4E42-BE6F-2D621394310E}.Ad-Hoc|Any CPU.ActiveCfg = Release|x86
		{1A8697D9-A6F5-4E42-BE6F-2D621394310E}.Ad-Hoc|Any CPU.Build.0 = Release|x86
		{1A8697D9-A6F5-4E42-BE6F-2D621394310E}.Ad-Hoc|Any CPU.Deploy.0 = Release|x86
		{1A8697D9-A6F5-4E42-BE6F-2D621394310E}.Ad-Hoc|ARM.ActiveCfg = Release|ARM
		{1A8697D9-A6F5-4E42-BE6F-2D621394310E}.Ad-Hoc|ARM.Build.0 = Release|ARM
		{1A8697D9-A6F5-4E42-BE6F-2D621394310E}.Ad-Hoc|ARM.Deploy.0 = Release|ARM
		{1A8697D9-A6F5-4E42-BE6F-2D621394310E}.Ad-Hoc|iPhone.ActiveCfg = Release|x86
		{1A8697D9-A6F5-4E42-BE6F-2D621394310E}.Ad-Hoc|iPhone.Build.0 = Release|x86
		{1A8697D9-A6F5-4E42-BE6F-2D621394310E}.Ad-Hoc|iPhone.Deploy.0 = Release|x86
		{1A8697D9-A6F5-4E42-BE6F-2D621394310E}.Ad-Hoc|iPhoneSimulator.ActiveCfg = Release|x86
		{1A8697D9-A6F5-4E42-BE6F-2D621394310E}.Ad-Hoc|iPhoneSimulator.Build.0 = Release|x86
		{1A8697D9-A6F5-4E42-BE6F-2D621394310E}.Ad-Hoc|iPhoneSimulator.Deploy.0 = Release|x86
		{1A8697D9-A6F5-4E42-BE6F-2D621394310E}.Ad-Hoc|x64.ActiveCfg = Release|x64
		{1A8697D9-A6F5-4E42-BE6F-2D621394310E}.Ad-Hoc|x64.Build.0 = Release|x64
		{1A8697D9-A6F5-4E42-BE6F-2D621394310E}.Ad-Hoc|x64.Deploy.0 = Release|x64
		{1A8697D9-A6F5-4E42-BE6F-2D621394310E}.Ad-Hoc|x86.ActiveCfg = Release|x86
		{1A8697D9-A6F5-4E42-BE6F-2D621394310E}.Ad-Hoc|x86.Build.0 = Release|x86
		{1A8697D9-A6F5-4E42-BE6F-2D621394310E}.Ad-Hoc|x86.Deploy.0 = Release|x86
		{1A8697D9-A6F5-4E42-BE6F-2D621394310E}.AppStore|Any CPU.ActiveCfg = Release|x86
		{1A8697D9-A6F5-4E42-BE6F-2D621394310E}.AppStore|Any CPU.Build.0 = Release|x86
		{1A8697D9-A6F5-4E42-BE6F-2D621394310E}.AppStore|Any CPU.Deploy.0 = Release|x86
		{1A8697D9-A6F5-4E42-BE6F-2D621394310E}.AppStore|ARM.ActiveCfg = Release|ARM
		{1A8697D9-A6F5-4E42-BE6F-2D621394310E}.AppStore|ARM.Build.0 = Release|ARM
		{1A8697D9-A6F5-4E42-BE6F-2D621394310E}.AppStore|ARM.Deploy.0 = Release|ARM
		{1A8697D9-A6F5-4E42-BE6F-2D621394310E}.AppStore|iPhone.ActiveCfg = Release|x86
		{1A8697D9-A6F5-4E42-BE6F-2D621394310E}.AppStore|iPhone.Build.0 = Release|x86
		{1A8697D9-A6F5-4E42-BE6F-2D621394310E}.AppStore|iPhone.Deploy.0 = Release|x86
		{1A8697D9-A6F5-4E42-BE6F-2D621394310E}.AppStore|iPhoneSimulator.ActiveCfg = Release|x86
		{1A8697D9-A6F5-4E42-BE6F-2D621394310E}.AppStore|iPhoneSimulator.Build.0 = Release|x86
		{1A8697D9-A6F5-4E42-BE6F-2D621394310E}.AppStore|iPhoneSimulator.Deploy.0 = Release|x86
		{1A8697D9-A6F5-4E42-BE6F-2D621394310E}.AppStore|x64.ActiveCfg = Release|x64
		{1A8697D9-A6F5-4E42-BE6F-2D621394310E}.AppStore|x64.Build.0 = Release|x64
		{1A8697D9-A6F5-4E42-BE6F-2D621394310E}.AppStore|x64.Deploy.0 = Release|x64
		{1A8697D9-A6F5-4E42-BE6F-2D621394310E}.AppStore|x86.ActiveCfg = Release|x86
		{1A8697D9-A6F5-4E42-BE6F-2D621394310E}.AppStore|x86.Build.0 = Release|x86
		{1A8697D9-A6F5-4E42-BE6F-2D621394310E}.AppStore|x86.Deploy.0 = Release|x86
		{1A8697D9-A6F5-4E42-BE6F-2D621394310E}.Debug|Any CPU.ActiveCfg = Debug|x86
		{1A8697D9-A6F5-4E42-BE6F-2D621394310E}.Debug|Any CPU.Build.0 = Debug|x86
		{1A8697D9-A6F5-4E42-BE6F-2D621394310E}.Debug|Any CPU.Deploy.0 = Debug|x86
		{1A8697D9-A6F5-4E42-BE6F-2D621394310E}.Debug|ARM.ActiveCfg = Debug|ARM
		{1A8697D9-A6F5-4E42-BE6F-2D621394310E}.Debug|ARM.Build.0 = Debug|ARM
		{1A8697D9-A6F5-4E42-BE6F-2D621394310E}.Debug|ARM.Deploy.0 = Debug|ARM
		{1A8697D9-A6F5-4E42-BE6F-2D621394310E}.Debug|iPhone.ActiveCfg = Debug|x86
		{1A8697D9-A6F5-4E42-BE6F-2D621394310E}.Debug|iPhone.Build.0 = Debug|x86
		{1A8697D9-A6F5-4E42-BE6F-2D621394310E}.Debug|iPhone.Deploy.0 = Debug|x86
		{1A8697D9-A6F5-4E42-BE6F-2D621394310E}.Debug|iPhoneSimulator.ActiveCfg = Debug|x86
		{1A8697D9-A6F5-4E42-BE6F-2D621394310E}.Debug|iPhoneSimulator.Build.0 = Debug|x86
		{1A8697D9-A6F5-4E42-BE6F-2D621394310E}.Debug|iPhoneSimulator.Deploy.0 = Debug|x86
		{1A8697D9-A6F5-4E42-BE6F-2D621394310E}.Debug|x64.ActiveCfg = Debug|x64
		{1A8697D9-A6F5-4E42-BE6F-2D621394310E}.Debug|x64.Build.0 = Debug|x64
		{1A8697D9-A6F5-4E42-BE6F-2D621394310E}.Debug|x64.Deploy.0 = Debug|x64
		{1A8697D9-A6F5-4E42-BE6F-2D621394310E}.Debug|x86.ActiveCfg = Debug|x86
		{1A8697D9-A6F5-4E42-BE6F-2D621394310E}.Debug|x86.Build.0 = Debug|x86
		{1A8697D9-A6F5-4E42-BE6F-2D621394310E}.Debug|x86.Deploy.0 = Debug|x86
		{1A8697D9-A6F5-4E42-BE6F-2D621394310E}.Release|Any CPU.ActiveCfg = Release|x86
		{1A8697D9-A6F5-4E42-BE6F-2D621394310E}.Release|Any CPU.Build.0 = Release|x86
		{1A8697D9-A6F5-4E42-BE6F-2D621394310E}.Release|Any CPU.Deploy.0 = Release|x86
		{1A8697D9-A6F5-4E42-BE6F-2D621394310E}.Release|ARM.ActiveCfg = Release|ARM
		{1A8697D9-A6F5-4E42-BE6F-2D621394310E}.Release|ARM.Build.0 = Release|ARM
		{1A8697D9-A6F5-4E42-BE6F-2D621394310E}.Release|ARM.Deploy.0 = Release|ARM
		{1A8697D9-A6F5-4E42-BE6F-2D621394310E}.Release|iPhone.ActiveCfg = Release|x86
		{1A8697D9-A6F5-4E42-BE6F-2D621394310E}.Release|iPhone.Build.0 = Release|x86
		{1A8697D9-A6F5-4E42-BE6F-2D621394310E}.Release|iPhone.Deploy.0 = Release|x86
		{1A8697D9-A6F5-4E42-BE6F-2D621394310E}.Release|iPhoneSimulator.ActiveCfg = Release|x86
		{1A8697D9-A6F5-4E42-BE6F-2D621394310E}.Release|iPhoneSimulator.Build.0 = Release|x86
		{1A8697D9-A6F5-4E42-BE6F-2D621394310E}.Release|iPhoneSimulator.Deploy.0 = Release|x86
		{1A8697D9-A6F5-4E42-BE6F-2D621394310E}.Release|x64.ActiveCfg = Release|x64
		{1A8697D9-A6F5-4E42-BE6F-2D621394310E}.Release|x64.Build.0 = Release|x64
		{1A8697D9-A6F5-4E42-BE6F-2D621394310E}.Release|x64.Deploy.0 = Release|x64
		{1A8697D9-A6F5-4E42-BE6F-2D621394310E}.Release|x86.ActiveCfg = Release|x86
		{1A8697D9-A6F5-4E42-BE6F-2D621394310E}.Release|x86.Build.0 = Release|x86
		{1A8697D9-A6F5-4E42-BE6F-2D621394310E}.Release|x86.Deploy.0 = Release|x86
		{8D30A06E-3A79-4FC7-985C-5E7226984095}.Ad-Hoc|Any CPU.ActiveCfg = Debug|Any CPU
		{8D30A06E-3A79-4FC7-985C-5E7226984095}.Ad-Hoc|Any CPU.Build.0 = Debug|Any CPU
		{8D30A06E-3A79-4FC7-985C-5E7226984095}.Ad-Hoc|Any CPU.Deploy.0 = Debug|Any CPU
		{8D30A06E-3A79-4FC7-985C-5E7226984095}.Ad-Hoc|ARM.ActiveCfg = Debug|Any CPU
		{8D30A06E-3A79-4FC7-985C-5E7226984095}.Ad-Hoc|ARM.Build.0 = Debug|Any CPU
		{8D30A06E-3A79-4FC7-985C-5E7226984095}.Ad-Hoc|ARM.Deploy.0 = Debug|Any CPU
		{8D30A06E-3A79-4FC7-985C-5E7226984095}.Ad-Hoc|iPhone.ActiveCfg = Debug|Any CPU
		{8D30A06E-3A79-4FC7-985C-5E7226984095}.Ad-Hoc|iPhone.Build.0 = Debug|Any CPU
		{8D30A06E-3A79-4FC7-985C-5E7226984095}.Ad-Hoc|iPhone.Deploy.0 = Debug|Any CPU
		{8D30A06E-3A79-4FC7-985C-5E7226984095}.Ad-Hoc|iPhoneSimulator.ActiveCfg = Debug|Any CPU
		{8D30A06E-3A79-4FC7-985C-5E7226984095}.Ad-Hoc|iPhoneSimulator.Build.0 = Debug|Any CPU
		{8D30A06E-3A79-4FC7-985C-5E7226984095}.Ad-Hoc|iPhoneSimulator.Deploy.0 = Debug|Any CPU
		{8D30A06E-3A79-4FC7-985C-5E7226984095}.Ad-Hoc|x64.ActiveCfg = Debug|Any CPU
		{8D30A06E-3A79-4FC7-985C-5E7226984095}.Ad-Hoc|x64.Build.0 = Debug|Any CPU
		{8D30A06E-3A79-4FC7-985C-5E7226984095}.Ad-Hoc|x64.Deploy.0 = Debug|Any CPU
		{8D30A06E-3A79-4FC7-985C-5E7226984095}.Ad-Hoc|x86.ActiveCfg = Debug|Any CPU
		{8D30A06E-3A79-4FC7-985C-5E7226984095}.Ad-Hoc|x86.Build.0 = Debug|Any CPU
		{8D30A06E-3A79-4FC7-985C-5E7226984095}.Ad-Hoc|x86.Deploy.0 = Debug|Any CPU
		{8D30A06E-3A79-4FC7-985C-5E7226984095}.AppStore|Any CPU.ActiveCfg = Debug|Any CPU
		{8D30A06E-3A79-4FC7-985C-5E7226984095}.AppStore|Any CPU.Build.0 = Debug|Any CPU
		{8D30A06E-3A79-4FC7-985C-5E7226984095}.AppStore|Any CPU.Deploy.0 = Debug|Any CPU
		{8D30A06E-3A79-4FC7-985C-5E7226984095}.AppStore|ARM.ActiveCfg = Debug|Any CPU
		{8D30A06E-3A79-4FC7-985C-5E7226984095}.AppStore|ARM.Build.0 = Debug|Any CPU
		{8D30A06E-3A79-4FC7-985C-5E7226984095}.AppStore|ARM.Deploy.0 = Debug|Any CPU
		{8D30A06E-3A79-4FC7-985C-5E7226984095}.AppStore|iPhone.ActiveCfg = Debug|Any CPU
		{8D30A06E-3A79-4FC7-985C-5E7226984095}.AppStore|iPhone.Build.0 = Debug|Any CPU
		{8D30A06E-3A79-4FC7-985C-5E7226984095}.AppStore|iPhone.Deploy.0 = Debug|Any CPU
		{8D30A06E-3A79-4FC7-985C-5E7226984095}.AppStore|iPhoneSimulator.ActiveCfg = Debug|Any CPU
		{8D30A06E-3A79-4FC7-985C-5E7226984095}.AppStore|iPhoneSimulator.Build.0 = Debug|Any CPU
		{8D30A06E-3A79-4FC7-985C-5E7226984095}.AppStore|iPhoneSimulator.Deploy.0 = Debug|Any CPU
		{8D30A06E-3A79-4FC7-985C-5E7226984095}.AppStore|x64.ActiveCfg = Debug|Any CPU
		{8D30A06E-3A79-4FC7-985C-5E7226984095}.AppStore|x64.Build.0 = Debug|Any CPU
		{8D30A06E-3A79-4FC7-985C-5E7226984095}.AppStore|x64.Deploy.0 = Debug|Any CPU
		{8D30A06E-3A79-4FC7-985C-5E7226984095}.AppStore|x86.ActiveCfg = Debug|Any CPU
		{8D30A06E-3A79-4FC7-985C-5E7226984095}.AppStore|x86.Build.0 = Debug|Any CPU
		{8D30A06E-3A79-4FC7-985C-5E7226984095}.AppStore|x86.Deploy.0 = Debug|Any CPU
		{8D30A06E-3A79-4FC7-985C-5E7226984095}.Debug|Any CPU.ActiveCfg = Debug|Any CPU
		{8D30A06E-3A79-4FC7-985C-5E7226984095}.Debug|Any CPU.Build.0 = Debug|Any CPU
		{8D30A06E-3A79-4FC7-985C-5E7226984095}.Debug|Any CPU.Deploy.0 = Debug|Any CPU
		{8D30A06E-3A79-4FC7-985C-5E7226984095}.Debug|ARM.ActiveCfg = Debug|Any CPU
		{8D30A06E-3A79-4FC7-985C-5E7226984095}.Debug|ARM.Build.0 = Debug|Any CPU
		{8D30A06E-3A79-4FC7-985C-5E7226984095}.Debug|ARM.Deploy.0 = Debug|Any CPU
		{8D30A06E-3A79-4FC7-985C-5E7226984095}.Debug|iPhone.ActiveCfg = Debug|Any CPU
		{8D30A06E-3A79-4FC7-985C-5E7226984095}.Debug|iPhone.Build.0 = Debug|Any CPU
		{8D30A06E-3A79-4FC7-985C-5E7226984095}.Debug|iPhone.Deploy.0 = Debug|Any CPU
		{8D30A06E-3A79-4FC7-985C-5E7226984095}.Debug|iPhoneSimulator.ActiveCfg = Debug|Any CPU
		{8D30A06E-3A79-4FC7-985C-5E7226984095}.Debug|iPhoneSimulator.Build.0 = Debug|Any CPU
		{8D30A06E-3A79-4FC7-985C-5E7226984095}.Debug|iPhoneSimulator.Deploy.0 = Debug|Any CPU
		{8D30A06E-3A79-4FC7-985C-5E7226984095}.Debug|x64.ActiveCfg = Debug|Any CPU
		{8D30A06E-3A79-4FC7-985C-5E7226984095}.Debug|x64.Build.0 = Debug|Any CPU
		{8D30A06E-3A79-4FC7-985C-5E7226984095}.Debug|x64.Deploy.0 = Debug|Any CPU
		{8D30A06E-3A79-4FC7-985C-5E7226984095}.Debug|x86.ActiveCfg = Debug|Any CPU
		{8D30A06E-3A79-4FC7-985C-5E7226984095}.Debug|x86.Build.0 = Debug|Any CPU
		{8D30A06E-3A79-4FC7-985C-5E7226984095}.Debug|x86.Deploy.0 = Debug|Any CPU
		{8D30A06E-3A79-4FC7-985C-5E7226984095}.Release|Any CPU.ActiveCfg = Release|Any CPU
		{8D30A06E-3A79-4FC7-985C-5E7226984095}.Release|Any CPU.Build.0 = Release|Any CPU
		{8D30A06E-3A79-4FC7-985C-5E7226984095}.Release|Any CPU.Deploy.0 = Release|Any CPU
		{8D30A06E-3A79-4FC7-985C-5E7226984095}.Release|ARM.ActiveCfg = Release|Any CPU
		{8D30A06E-3A79-4FC7-985C-5E7226984095}.Release|ARM.Build.0 = Release|Any CPU
		{8D30A06E-3A79-4FC7-985C-5E7226984095}.Release|ARM.Deploy.0 = Release|Any CPU
		{8D30A06E-3A79-4FC7-985C-5E7226984095}.Release|iPhone.ActiveCfg = Release|Any CPU
		{8D30A06E-3A79-4FC7-985C-5E7226984095}.Release|iPhone.Build.0 = Release|Any CPU
		{8D30A06E-3A79-4FC7-985C-5E7226984095}.Release|iPhone.Deploy.0 = Release|Any CPU
		{8D30A06E-3A79-4FC7-985C-5E7226984095}.Release|iPhoneSimulator.ActiveCfg = Release|Any CPU
		{8D30A06E-3A79-4FC7-985C-5E7226984095}.Release|iPhoneSimulator.Build.0 = Release|Any CPU
		{8D30A06E-3A79-4FC7-985C-5E7226984095}.Release|iPhoneSimulator.Deploy.0 = Release|Any CPU
		{8D30A06E-3A79-4FC7-985C-5E7226984095}.Release|x64.ActiveCfg = Release|Any CPU
		{8D30A06E-3A79-4FC7-985C-5E7226984095}.Release|x64.Build.0 = Release|Any CPU
		{8D30A06E-3A79-4FC7-985C-5E7226984095}.Release|x64.Deploy.0 = Release|Any CPU
		{8D30A06E-3A79-4FC7-985C-5E7226984095}.Release|x86.ActiveCfg = Release|Any CPU
		{8D30A06E-3A79-4FC7-985C-5E7226984095}.Release|x86.Build.0 = Release|Any CPU
		{8D30A06E-3A79-4FC7-985C-5E7226984095}.Release|x86.Deploy.0 = Release|Any CPU
	EndGlobalSection
	GlobalSection(SolutionProperties) = preSolution
		HideSolutionNode = FALSE
	EndGlobalSection
	GlobalSection(ExtensibilityGlobals) = postSolution
		SolutionGuid = {D077AAB4-E163-4F40-A271-D744741A4CB5}
	EndGlobalSection
EndGlobal
